// !$*UTF8*$!
{
	archiveVersion = 1;
	classes = {
	};
	objectVersion = 77;
	objects = {

/* Begin PBXBuildFile section */
		154EF0FE0FDB1985CFE4F8E9 /* PassphraseDialog.swift in Sources */ = {isa = PBXBuildFile; fileRef = 511DE648D89734104697F146 /* PassphraseDialog.swift */; };
		20E10E8F3A61377F4913CF30 /* Assets.xcassets in Resources */ = {isa = PBXBuildFile; fileRef = E2824DF990BEF304BA6EA316 /* Assets.xcassets */; };
		497AFE510BB39913F5A5623F /* TunnelMasterApp.swift in Sources */ = {isa = PBXBuildFile; fileRef = 22513356CC96CBDE03AECE02 /* TunnelMasterApp.swift */; };
		819F53D74B062F2747619A01 /* PasswordDialog.swift in Sources */ = {isa = PBXBuildFile; fileRef = 211C9D4F9218E1FC5327EF90 /* PasswordDialog.swift */; };
		9BCB604EA831784975568099 /* TunnelCore.swift in Sources */ = {isa = PBXBuildFile; fileRef = 9EBBF03CFB3B4CA1B0F15C6B /* TunnelCore.swift */; };
		A26B8F29B6117AE34F0BCCF7 /* TunnelRow.swift in Sources */ = {isa = PBXBuildFile; fileRef = FF38CF1563FD21A5701B0B6F /* TunnelRow.swift */; };
		AA73CF87DE84C3C74EF10ADC /* TunnelListView.swift in Sources */ = {isa = PBXBuildFile; fileRef = 66736CBD49CC8786D526D6C7 /* TunnelListView.swift */; };
		ACCD6BDBB838A36BDF7EB8C2 /* KeyboardInteractiveDialog.swift in Sources */ = {isa = PBXBuildFile; fileRef = 2E05C9CF822B29A998904748 /* KeyboardInteractiveDialog.swift */; };
		B5278215CDAA891F2F817CB9 /* TunnelViewModel.swift in Sources */ = {isa = PBXBuildFile; fileRef = A4D9189AF6859E3D5792D545 /* TunnelViewModel.swift */; };
		E96B840E0991E984C8E2B248 /* HostKeyDialog.swift in Sources */ = {isa = PBXBuildFile; fileRef = 5C4F762235AFAEE3FAC181DF /* HostKeyDialog.swift */; };
		ED8F5AA87C45299FAF06D98A /* ContentView.swift in Sources */ = {isa = PBXBuildFile; fileRef = E36E874B0C50087879B70597 /* ContentView.swift */; };
/* End PBXBuildFile section */

/* Begin PBXFileReference section */
		13D50E40FE1C002BC97537EA /* TunnelMaster.entitlements */ = {isa = PBXFileReference; lastKnownFileType = text.plist.entitlements; path = TunnelMaster.entitlements; sourceTree = "<group>"; };
		211C9D4F9218E1FC5327EF90 /* PasswordDialog.swift */ = {isa = PBXFileReference; lastKnownFileType = sourcecode.swift; path = PasswordDialog.swift; sourceTree = "<group>"; };
		2173EFF047ED632585D4294C /* Info.plist */ = {isa = PBXFileReference; lastKnownFileType = text.plist; path = Info.plist; sourceTree = "<group>"; };
		22513356CC96CBDE03AECE02 /* TunnelMasterApp.swift */ = {isa = PBXFileReference; lastKnownFileType = sourcecode.swift; path = TunnelMasterApp.swift; sourceTree = "<group>"; };
		2E05C9CF822B29A998904748 /* KeyboardInteractiveDialog.swift */ = {isa = PBXFileReference; lastKnownFileType = sourcecode.swift; path = KeyboardInteractiveDialog.swift; sourceTree = "<group>"; };
		511DE648D89734104697F146 /* PassphraseDialog.swift */ = {isa = PBXFileReference; lastKnownFileType = sourcecode.swift; path = PassphraseDialog.swift; sourceTree = "<group>"; };
		5C4F762235AFAEE3FAC181DF /* HostKeyDialog.swift */ = {isa = PBXFileReference; lastKnownFileType = sourcecode.swift; path = HostKeyDialog.swift; sourceTree = "<group>"; };
		66736CBD49CC8786D526D6C7 /* TunnelListView.swift */ = {isa = PBXFileReference; lastKnownFileType = sourcecode.swift; path = TunnelListView.swift; sourceTree = "<group>"; };
		9EBBF03CFB3B4CA1B0F15C6B /* TunnelCore.swift */ = {isa = PBXFileReference; lastKnownFileType = sourcecode.swift; path = TunnelCore.swift; sourceTree = "<group>"; };
		A4D9189AF6859E3D5792D545 /* TunnelViewModel.swift */ = {isa = PBXFileReference; lastKnownFileType = sourcecode.swift; path = TunnelViewModel.swift; sourceTree = "<group>"; };
		E2824DF990BEF304BA6EA316 /* Assets.xcassets */ = {isa = PBXFileReference; lastKnownFileType = folder.assetcatalog; path = Assets.xcassets; sourceTree = "<group>"; };
		E36E874B0C50087879B70597 /* ContentView.swift */ = {isa = PBXFileReference; lastKnownFileType = sourcecode.swift; path = ContentView.swift; sourceTree = "<group>"; };
		F2C2F97FCF40919ED0DE4488 /* TunnelMaster.app */ = {isa = PBXFileReference; explicitFileType = wrapper.application; includeInIndex = 0; path = TunnelMaster.app; sourceTree = BUILT_PRODUCTS_DIR; };
		FF38CF1563FD21A5701B0B6F /* TunnelRow.swift */ = {isa = PBXFileReference; lastKnownFileType = sourcecode.swift; path = TunnelRow.swift; sourceTree = "<group>"; };
/* End PBXFileReference section */

/* Begin PBXGroup section */
		131DE963848C96FA6638B851 /* Products */ = {
			isa = PBXGroup;
			children = (
				F2C2F97FCF40919ED0DE4488 /* TunnelMaster.app */,
			);
			name = Products;
			sourceTree = "<group>";
		};
		18CC65A0BAB29D0631D0CAE2 = {
			isa = PBXGroup;
			children = (
				32D6CF8761FD90D7C078825B /* TunnelMaster */,
				131DE963848C96FA6638B851 /* Products */,
			);
			sourceTree = "<group>";
		};
		32D6CF8761FD90D7C078825B /* TunnelMaster */ = {
			isa = PBXGroup;
			children = (
				E2824DF990BEF304BA6EA316 /* Assets.xcassets */,
				E36E874B0C50087879B70597 /* ContentView.swift */,
				2173EFF047ED632585D4294C /* Info.plist */,
				13D50E40FE1C002BC97537EA /* TunnelMaster.entitlements */,
				22513356CC96CBDE03AECE02 /* TunnelMasterApp.swift */,
				A4D9189AF6859E3D5792D545 /* TunnelViewModel.swift */,
				4EADF954CCA1292F6DA5FA69 /* Dialogs */,
				F9EBEBA1E2F4F70E12DBC508 /* Generated */,
				93B6FF4E36FDCF37AA88CC34 /* Views */,
			);
			path = TunnelMaster;
			sourceTree = "<group>";
		};
		4EADF954CCA1292F6DA5FA69 /* Dialogs */ = {
			isa = PBXGroup;
			children = (
				5C4F762235AFAEE3FAC181DF /* HostKeyDialog.swift */,
				2E05C9CF822B29A998904748 /* KeyboardInteractiveDialog.swift */,
				511DE648D89734104697F146 /* PassphraseDialog.swift */,
				211C9D4F9218E1FC5327EF90 /* PasswordDialog.swift */,
			);
			path = Dialogs;
			sourceTree = "<group>";
		};
		93B6FF4E36FDCF37AA88CC34 /* Views */ = {
			isa = PBXGroup;
			children = (
				66736CBD49CC8786D526D6C7 /* TunnelListView.swift */,
				FF38CF1563FD21A5701B0B6F /* TunnelRow.swift */,
			);
			path = Views;
			sourceTree = "<group>";
		};
		F9EBEBA1E2F4F70E12DBC508 /* Generated */ = {
			isa = PBXGroup;
			children = (
				9EBBF03CFB3B4CA1B0F15C6B /* TunnelCore.swift */,
			);
			path = Generated;
			sourceTree = "<group>";
		};
/* End PBXGroup section */

/* Begin PBXNativeTarget section */
		280C3A513B94CC4252314650 /* TunnelMaster */ = {
			isa = PBXNativeTarget;
			buildConfigurationList = 264F25EA7A096A8CBF7D4DED /* Build configuration list for PBXNativeTarget "TunnelMaster" */;
			buildPhases = (
				F8A3530D2C11B14355C142F0 /* Import C Module */,
				80E65BDE551784595CCA5ECC /* Sources */,
				F836686DBBBA7420F845B2ED /* Resources */,
			);
			buildRules = (
			);
			dependencies = (
			);
			name = TunnelMaster;
			packageProductDependencies = (
			);
			productName = TunnelMaster;
			productReference = F2C2F97FCF40919ED0DE4488 /* TunnelMaster.app */;
			productType = "com.apple.product-type.application";
		};
/* End PBXNativeTarget section */

/* Begin PBXProject section */
		4C9E511878FCDDE583D7F696 /* Project object */ = {
			isa = PBXProject;
			attributes = {
				BuildIndependentTargetsInParallel = YES;
				LastUpgradeCheck = 1640;
				TargetAttributes = {
				};
			};
			buildConfigurationList = 7D091702129F918E2E100838 /* Build configuration list for PBXProject "TunnelMaster" */;
			developmentRegion = en;
			hasScannedForEncodings = 0;
			knownRegions = (
				Base,
				en,
			);
			mainGroup = 18CC65A0BAB29D0631D0CAE2;
			minimizedProjectReferenceProxies = 1;
			preferredProjectObjectVersion = 77;
			productRefGroup = 131DE963848C96FA6638B851 /* Products */;
			projectDirPath = "";
			projectRoot = "";
			targets = (
				280C3A513B94CC4252314650 /* TunnelMaster */,
			);
		};
/* End PBXProject section */

/* Begin PBXResourcesBuildPhase section */
		F836686DBBBA7420F845B2ED /* Resources */ = {
			isa = PBXResourcesBuildPhase;
			buildActionMask = 2147483647;
			files = (
				20E10E8F3A61377F4913CF30 /* Assets.xcassets in Resources */,
			);
			runOnlyForDeploymentPostprocessing = 0;
		};
/* End PBXResourcesBuildPhase section */

/* Begin PBXShellScriptBuildPhase section */
		F8A3530D2C11B14355C142F0 /* Import C Module */ = {
			isa = PBXShellScriptBuildPhase;
			buildActionMask = 2147483647;
			files = (
			);
			inputFileListPaths = (
			);
			inputPaths = (
			);
			name = "Import C Module";
			outputFileListPaths = (
			);
			outputPaths = (
			);
			runOnlyForDeploymentPostprocessing = 0;
			shellPath = /bin/sh;
			shellScript = "MODULEMAP_DIR=\"${BUILT_PRODUCTS_DIR}/TunnelCoreFFI\"\nmkdir -p \"$MODULEMAP_DIR\"\ncp \"${PROJECT_DIR}/TunnelMaster/Generated/TunnelCoreFFI.h\" \"$MODULEMAP_DIR/\"\ncp \"${PROJECT_DIR}/TunnelMaster/Generated/TunnelCoreFFI.modulemap\" \"$MODULEMAP_DIR/module.modulemap\"\n";
		};
/* End PBXShellScriptBuildPhase section */

/* Begin PBXSourcesBuildPhase section */
		80E65BDE551784595CCA5ECC /* Sources */ = {
			isa = PBXSourcesBuildPhase;
			buildActionMask = 2147483647;
			files = (
				ED8F5AA87C45299FAF06D98A /* ContentView.swift in Sources */,
				E96B840E0991E984C8E2B248 /* HostKeyDialog.swift in Sources */,
				ACCD6BDBB838A36BDF7EB8C2 /* KeyboardInteractiveDialog.swift in Sources */,
				154EF0FE0FDB1985CFE4F8E9 /* PassphraseDialog.swift in Sources */,
				819F53D74B062F2747619A01 /* PasswordDialog.swift in Sources */,
				9BCB604EA831784975568099 /* TunnelCore.swift in Sources */,
				AA73CF87DE84C3C74EF10ADC /* TunnelListView.swift in Sources */,
				497AFE510BB39913F5A5623F /* TunnelMasterApp.swift in Sources */,
				A26B8F29B6117AE34F0BCCF7 /* TunnelRow.swift in Sources */,
				B5278215CDAA891F2F817CB9 /* TunnelViewModel.swift in Sources */,
			);
			runOnlyForDeploymentPostprocessing = 0;
		};
/* End PBXSourcesBuildPhase section */

/* Begin XCBuildConfiguration section */
		40DE3E0A9C92A79168076326 /* Debug */ = {
			isa = XCBuildConfiguration;
			buildSettings = {
				ASSETCATALOG_COMPILER_APPICON_NAME = AppIcon;
				CODE_SIGNING_ALLOWED = NO;
				CODE_SIGN_ENTITLEMENTS = TunnelMaster/TunnelMaster.entitlements;
				COMBINE_HIDPI_IMAGES = YES;
				INFOPLIST_FILE = TunnelMaster/Info.plist;
				LD_RUNPATH_SEARCH_PATHS = (
					"$(inherited)",
					"@executable_path/../Frameworks",
				);
				PRODUCT_BUNDLE_IDENTIFIER = "com.kuroru2.tunnel-master";
				PRODUCT_NAME = "Tunnel Master";
				SDKROOT = macosx;
			};
			name = Debug;
		};
		4436D53D3971657B198FA288 /* Debug */ = {
			isa = XCBuildConfiguration;
			buildSettings = {
				ALWAYS_SEARCH_USER_PATHS = NO;
				CLANG_ANALYZER_NONNULL = YES;
				CLANG_ANALYZER_NUMBER_OBJECT_CONVERSION = YES_AGGRESSIVE;
				CLANG_CXX_LANGUAGE_STANDARD = "gnu++14";
				CLANG_CXX_LIBRARY = "libc++";
				CLANG_ENABLE_MODULES = YES;
				CLANG_ENABLE_OBJC_ARC = YES;
				CLANG_ENABLE_OBJC_WEAK = YES;
				CLANG_WARN_BLOCK_CAPTURE_AUTORELEASING = YES;
				CLANG_WARN_BOOL_CONVERSION = YES;
				CLANG_WARN_COMMA = YES;
				CLANG_WARN_CONSTANT_CONVERSION = YES;
				CLANG_WARN_DEPRECATED_OBJC_IMPLEMENTATIONS = YES;
				CLANG_WARN_DIRECT_OBJC_ISA_USAGE = YES_ERROR;
				CLANG_WARN_DOCUMENTATION_COMMENTS = YES;
				CLANG_WARN_EMPTY_BODY = YES;
				CLANG_WARN_ENUM_CONVERSION = YES;
				CLANG_WARN_INFINITE_RECURSION = YES;
				CLANG_WARN_INT_CONVERSION = YES;
				CLANG_WARN_NON_LITERAL_NULL_CONVERSION = YES;
				CLANG_WARN_OBJC_IMPLICIT_RETAIN_SELF = YES;
				CLANG_WARN_OBJC_LITERAL_CONVERSION = YES;
				CLANG_WARN_OBJC_ROOT_CLASS = YES_ERROR;
				CLANG_WARN_QUOTED_INCLUDE_IN_FRAMEWORK_HEADER = YES;
				CLANG_WARN_RANGE_LOOP_ANALYSIS = YES;
				CLANG_WARN_STRICT_PROTOTYPES = YES;
				CLANG_WARN_SUSPICIOUS_MOVE = YES;
				CLANG_WARN_UNGUARDED_AVAILABILITY = YES_AGGRESSIVE;
				CLANG_WARN_UNREACHABLE_CODE = YES;
				CLANG_WARN__DUPLICATE_METHOD_MATCH = YES;
				COPY_PHASE_STRIP = NO;
				DEBUG_INFORMATION_FORMAT = dwarf;
				ENABLE_STRICT_OBJC_MSGSEND = YES;
				ENABLE_TESTABILITY = YES;
				GCC_C_LANGUAGE_STANDARD = gnu11;
				GCC_DYNAMIC_NO_PIC = NO;
				GCC_NO_COMMON_BLOCKS = YES;
				GCC_OPTIMIZATION_LEVEL = 0;
				GCC_PREPROCESSOR_DEFINITIONS = (
					"$(inherited)",
					"DEBUG=1",
				);
				GCC_WARN_64_TO_32_BIT_CONVERSION = YES;
				GCC_WARN_ABOUT_RETURN_TYPE = YES_ERROR;
				GCC_WARN_UNDECLARED_SELECTOR = YES;
				GCC_WARN_UNINITIALIZED_AUTOS = YES_AGGRESSIVE;
				GCC_WARN_UNUSED_FUNCTION = YES;
				GCC_WARN_UNUSED_VARIABLE = YES;
				LIBRARY_SEARCH_PATHS = (
					"$(PROJECT_DIR)/../rust-core/target/release",
				);
				MACOSX_DEPLOYMENT_TARGET = 14.0;
				MTL_ENABLE_DEBUG_INFO = INCLUDE_SOURCE;
				MTL_FAST_MATH = YES;
				ONLY_ACTIVE_ARCH = YES;
				OTHER_LDFLAGS = (
					"-ltunnel_core",
					"-framework Security",
					"-framework CoreFoundation",
				);
				PRODUCT_NAME = "$(TARGET_NAME)";
				SDKROOT = macosx;
				SWIFT_ACTIVE_COMPILATION_CONDITIONS = DEBUG;
				SWIFT_INCLUDE_PATHS = (
					"$(PROJECT_DIR)/TunnelMaster/Generated",
				);
				SWIFT_OPTIMIZATION_LEVEL = "-Onone";
				SWIFT_STRICT_CONCURRENCY = minimal;
				SWIFT_VERSION = 5;
			};
			name = Debug;
		};
		6FD954A23E2C7A68541084BF /* Release */ = {
			isa = XCBuildConfiguration;
			buildSettings = {
				ASSETCATALOG_COMPILER_APPICON_NAME = AppIcon;
				CODE_SIGNING_ALLOWED = NO;
				CODE_SIGN_ENTITLEMENTS = TunnelMaster/TunnelMaster.entitlements;
				COMBINE_HIDPI_IMAGES = YES;
				INFOPLIST_FILE = TunnelMaster/Info.plist;
				LD_RUNPATH_SEARCH_PATHS = (
					"$(inherited)",
					"@executable_path/../Frameworks",
				);
				PRODUCT_BUNDLE_IDENTIFIER = "com.kuroru2.tunnel-master";
				PRODUCT_NAME = "Tunnel Master";
				SDKROOT = macosx;
			};
			name = Release;
		};
		C7D803637B2C70358BF10039 /* Release */ = {
			isa = XCBuildConfiguration;
			buildSettings = {
				ALWAYS_SEARCH_USER_PATHS = NO;
				CLANG_ANALYZER_NONNULL = YES;
				CLANG_ANALYZER_NUMBER_OBJECT_CONVERSION = YES_AGGRESSIVE;
				CLANG_CXX_LANGUAGE_STANDARD = "gnu++14";
				CLANG_CXX_LIBRARY = "libc++";
				CLANG_ENABLE_MODULES = YES;
				CLANG_ENABLE_OBJC_ARC = YES;
				CLANG_ENABLE_OBJC_WEAK = YES;
				CLANG_WARN_BLOCK_CAPTURE_AUTORELEASING = YES;
				CLANG_WARN_BOOL_CONVERSION = YES;
				CLANG_WARN_COMMA = YES;
				CLANG_WARN_CONSTANT_CONVERSION = YES;
				CLANG_WARN_DEPRECATED_OBJC_IMPLEMENTATIONS = YES;
				CLANG_WARN_DIRECT_OBJC_ISA_USAGE = YES_ERROR;
				CLANG_WARN_DOCUMENTATION_COMMENTS = YES;
				CLANG_WARN_EMPTY_BODY = YES;
				CLANG_WARN_ENUM_CONVERSION = YES;
				CLANG_WARN_INFINITE_RECURSION = YES;
				CLANG_WARN_INT_CONVERSION = YES;
				CLANG_WARN_NON_LITERAL_NULL_CONVERSION = YES;
				CLANG_WARN_OBJC_IMPLICIT_RETAIN_SELF = YES;
				CLANG_WARN_OBJC_LITERAL_CONVERSION = YES;
				CLANG_WARN_OBJC_ROOT_CLASS = YES_ERROR;
				CLANG_WARN_QUOTED_INCLUDE_IN_FRAMEWORK_HEADER = YES;
				CLANG_WARN_RANGE_LOOP_ANALYSIS = YES;
				CLANG_WARN_STRICT_PROTOTYPES = YES;
				CLANG_WARN_SUSPICIOUS_MOVE = YES;
				CLANG_WARN_UNGUARDED_AVAILABILITY = YES_AGGRESSIVE;
				CLANG_WARN_UNREACHABLE_CODE = YES;
				CLANG_WARN__DUPLICATE_METHOD_MATCH = YES;
				COPY_PHASE_STRIP = NO;
				DEBUG_INFORMATION_FORMAT = "dwarf-with-dsym";
				ENABLE_NS_ASSERTIONS = NO;
				ENABLE_STRICT_OBJC_MSGSEND = YES;
				GCC_C_LANGUAGE_STANDARD = gnu11;
				GCC_NO_COMMON_BLOCKS = YES;
				GCC_WARN_64_TO_32_BIT_CONVERSION = YES;
				GCC_WARN_ABOUT_RETURN_TYPE = YES_ERROR;
				GCC_WARN_UNDECLARED_SELECTOR = YES;
				GCC_WARN_UNINITIALIZED_AUTOS = YES_AGGRESSIVE;
				GCC_WARN_UNUSED_FUNCTION = YES;
				GCC_WARN_UNUSED_VARIABLE = YES;
				LIBRARY_SEARCH_PATHS = (
					"$(PROJECT_DIR)/../rust-core/target/release",
				);
				MACOSX_DEPLOYMENT_TARGET = 14.0;
				MTL_ENABLE_DEBUG_INFO = NO;
				MTL_FAST_MATH = YES;
				OTHER_LDFLAGS = (
					"-ltunnel_core",
					"-framework Security",
					"-framework CoreFoundation",
				);
				PRODUCT_NAME = "$(TARGET_NAME)";
				SDKROOT = macosx;
				SWIFT_COMPILATION_MODE = wholemodule;
				SWIFT_INCLUDE_PATHS = (
					"$(PROJECT_DIR)/TunnelMaster/Generated",
				);
				SWIFT_OPTIMIZATION_LEVEL = "-O";
				SWIFT_STRICT_CONCURRENCY = minimal;
				SWIFT_VERSION = 5;
			};
			name = Release;
		};
/* End XCBuildConfiguration section */

/* Begin XCConfigurationList section */
		264F25EA7A096A8CBF7D4DED /* Build configuration list for PBXNativeTarget "TunnelMaster" */ = {
			isa = XCConfigurationList;
			buildConfigurations = (
				40DE3E0A9C92A79168076326 /* Debug */,
				6FD954A23E2C7A68541084BF /* Release */,
			);
			defaultConfigurationIsVisible = 0;
			defaultConfigurationName = Debug;
		};
		7D091702129F918E2E100838 /* Build configuration list for PBXProject "TunnelMaster" */ = {
			isa = XCConfigurationList;
			buildConfigurations = (
				4436D53D3971657B198FA288 /* Debug */,
				C7D803637B2C70358BF10039 /* Release */,
			);
			defaultConfigurationIsVisible = 0;
			defaultConfigurationName = Debug;
		};
/* End XCConfigurationList section */
	};
	rootObject = 4C9E511878FCDDE583D7F696 /* Project object */;
}
